
Microsoft Visual Studio Solution File, Format Version 12.00
# Visual Studio Version 17
VisualStudioVersion = 17.0.32014.148
MinimumVisualStudioVersion = 10.0.40219.1
Project("{FAE04EC0-301F-11D3-BF4B-00C04F79EFBC}") = "MyWebSite", "MyWebSite\MyWebSite.csproj", "{73C4FC97-FAC4-4A84-A53E-B9E6F4D9E56F}"
EndProject
Global
	GlobalSection(SolutionConfigurationPlatforms) = preSolution
		Debug|Any CPU = Debug|Any CPU
		Release|Any CPU = Release|Any CPU
	EndGlobalSection
	GlobalSection(ProjectConfigurationPlatforms) = postSolution
		{73C4FC97-FAC4-4A84-A53E-B9E6F4D9E56F}.Debug|Any CPU.ActiveCfg = Debug|Any CPU
		{73C4FC97-FAC4-4A84-A53E-B9E6F4D9E56F}.Debug|Any CPU.Build.0 = Debug|Any CPU
		{73C4FC97-FAC4-4A84-A53E-B9E6F4D9E56F}.Release|Any CPU.ActiveCfg = Release|Any CPU
		{73C4FC97-FAC4-4A84-A53E-B9E6F4D9E56F}.Release|Any CPU.Build.0 = Release|Any CPU
	EndGlobalSection
	GlobalSection(SolutionProperties) = preSolution
		HideSolutionNode = FALSE
	EndGlobalSection
	GlobalSection(ExtensibilityGlobals) = postSolution
		SolutionGuid = {F9747970-C095-499C-9A3B-1086CA51E4C8}
	EndGlobalSection
EndGlobal
